Microsoft Visual Studio Solution File, Format Version 11.00
# Visual Studio 2008

Project("{1CC8A89C-D018-DFA6-A32B-5339417ABB22}") = "metalore", "Assembly-CSharp.csproj", "{BFD36D4C-63FE-0179-0E57-14C5EB201842}"
EndProject
Global
	GlobalSection(SolutionConfigurationPlatforms) = preSolution
		Debug|Any CPU = Debug|Any CPU
		Release|Any CPU = Release|Any CPU
	EndGlobalSection
	GlobalSection(ProjectConfigurationPlatforms) = postSolution
		{BFD36D4C-63FE-0179-0E57-14C5EB201842}.Debug|Any CPU.ActiveCfg = Debug|Any CPU
		{BFD36D4C-63FE-0179-0E57-14C5EB201842}.Debug|Any CPU.Build.0 = Debug|Any CPU
		{BFD36D4C-63FE-0179-0E57-14C5EB201842}.Release|Any CPU.ActiveCfg = Release|Any CPU
		{BFD36D4C-63FE-0179-0E57-14C5EB201842}.Release|Any CPU.Build.0 = Release|Any CPU
	EndGlobalSection
	GlobalSection(SolutionProperties) = preSolution
		HideSolutionNode = FALSE
	EndGlobalSection
	GlobalSection(MonoDevelopProperties) = preSolution
		StartupItem = Assembly-CSharp.csproj
	EndGlobalSection
EndGlobal
